
Microsoft Visual Studio Solution File, Format Version 12.00
# Visual Studio 15
VisualStudioVersion = 15.0.27428.1
MinimumVisualStudioVersion = 10.0.40219.1
Project("{8BC9CEB8-8B4A-11D0-8D11-00A0C91BC942}") = "SolarSystem", "SolarSystem\SolarSystem.vcxproj", "{9DE81716-04BC-4ED0-BD73-4202BC87D91B}"
EndProject
Global
	GlobalSection(SolutionConfigurationPlatforms) = preSolution
		Debug|x64 = Debug|x64
		Debug|x86 = Debug|x86
		Release|x64 = Release|x64
		Release|x86 = Release|x86
	EndGlobalSection
	GlobalSection(ProjectConfigurationPlatforms) = postSolution
		{9DE81716-04BC-4ED0-BD73-4202BC87D91B}.Debug|x64.ActiveCfg = Debug|x64
		{9DE81716-04BC-4ED0-BD73-4202BC87D91B}.Debug|x64.Build.0 = Debug|x64
		{9DE81716-04BC-4ED0-BD73-4202BC87D91B}.Debug|x86.ActiveCfg = Debug|Win32
		{9DE81716-04BC-4ED0-BD73-4202BC87D91B}.Debug|x86.Build.0 = Debug|Win32
		{9DE81716-04BC-4ED0-BD73-4202BC87D91B}.Release|x64.ActiveCfg = Release|x64
		{9DE81716-04BC-4ED0-BD73-4202BC87D91B}.Release|x64.Build.0 = Release|x64
		{9DE81716-04BC-4ED0-BD73-4202BC87D91B}.Release|x86.ActiveCfg = Release|Win32
		{9DE81716-04BC-4ED0-BD73-4202BC87D91B}.Release|x86.Build.0 = Release|Win32
	EndGlobalSection
	GlobalSection(SolutionProperties) = preSolution
		HideSolutionNode = FALSE
	EndGlobalSection
	GlobalSection(ExtensibilityGlobals) = postSolution
		SolutionGuid = {9BAE4901-102B-44A3-95AA-2E1C5F760778}
	EndGlobalSection
EndGlobal
